
Microsoft Visual Studio Solution File, Format Version 12.00
# Visual Studio Version 17
VisualStudioVersion = 17.0.31903.59
MinimumVisualStudioVersion = 10.0.40219.1
Project("{2150E333-8FDC-42A3-9474-1A3956D46DE8}") = "tests", "tests", "{0AB3BF05-4346-4AA6-1389-037BE0695223}"
EndProject
Project("{FAE04EC0-301F-11D3-BF4B-00C04F79EFBC}") = "Scada.IntegrationTests", "tests\Scada.IntegrationTests\Scada.IntegrationTests.csproj", "{0EF22D13-356A-44E9-A045-2573B63904E1}"
EndProject
Project("{FAE04EC0-301F-11D3-BF4B-00C04F79EFBC}") = "Scada.ArchitectureTests", "tests\Scada.ArchitectureTests\Scada.ArchitectureTests.csproj", "{0949849E-F428-47CE-A257-64BA650949A9}"
EndProject
Project("{2150E333-8FDC-42A3-9474-1A3956D46DE8}") = "src", "src", "{827E0CD3-B72D-47B6-A68D-7590B98EB39B}"
EndProject
Project("{FAE04EC0-301F-11D3-BF4B-00C04F79EFBC}") = "Scada.Application", "src\Scada.Application\Scada.Application.csproj", "{BA4577E3-F67C-4C48-A6D4-9AD26FB3DD5B}"
EndProject
Project("{FAE04EC0-301F-11D3-BF4B-00C04F79EFBC}") = "Scada.Cli", "src\Scada.Cli\Scada.Cli.csproj", "{DE82A28D-8EB9-4B2B-9898-78CC0E69F0F3}"
EndProject
Project("{FAE04EC0-301F-11D3-BF4B-00C04F79EFBC}") = "Scada.Contracts", "src\Scada.Contracts\Scada.Contracts.csproj", "{0BFECD5D-260D-4042-9ED0-C54CC24836E9}"
EndProject
Project("{FAE04EC0-301F-11D3-BF4B-00C04F79EFBC}") = "Scada.Domain", "src\Scada.Domain\Scada.Domain.csproj", "{856CFA81-8159-44D3-9DD5-5FE9D590FCAA}"
EndProject
Project("{FAE04EC0-301F-11D3-BF4B-00C04F79EFBC}") = "Scada.Drivers.Abstractions", "src\Scada.Drivers.Abstractions\Scada.Drivers.Abstractions.csproj", "{0369B411-CB4C-433E-958B-DF1191DFAACF}"
EndProject
Project("{FAE04EC0-301F-11D3-BF4B-00C04F79EFBC}") = "Scada.Drivers.ModbusRtu", "src\Scada.Drivers.ModbusRtu\Scada.Drivers.ModbusRtu.csproj", "{B60A9D4D-769C-481B-95E6-706B6927A901}"
EndProject
Project("{FAE04EC0-301F-11D3-BF4B-00C04F79EFBC}") = "Scada.Drivers.ModbusTcp", "src\Scada.Drivers.ModbusTcp\Scada.Drivers.ModbusTcp.csproj", "{DA4923C0-99CE-4528-B675-7C0EFC95F820}"
EndProject
Project("{FAE04EC0-301F-11D3-BF4B-00C04F79EFBC}") = "Scada.Drivers.OpcUa", "src\Scada.Drivers.OpcUa\Scada.Drivers.OpcUa.csproj", "{40810D2F-C21F-498C-BC71-52EEBB8614DC}"
EndProject
Project("{FAE04EC0-301F-11D3-BF4B-00C04F79EFBC}") = "Scada.Drivers.Simulator", "src\Scada.Drivers.Simulator\Scada.Drivers.Simulator.csproj", "{62D09A26-A64C-4CA0-8B8B-23B7A97FD1F5}"
EndProject
Project("{FAE04EC0-301F-11D3-BF4B-00C04F79EFBC}") = "Scada.Infrastructure.Sqlite", "src\Scada.Infrastructure.Sqlite\Scada.Infrastructure.Sqlite.csproj", "{52F5F9A9-1975-42D1-B5DE-6EF0AD4DEE2B}"
EndProject
Project("{FAE04EC0-301F-11D3-BF4B-00C04F79EFBC}") = "Scada.Runtime", "src\Scada.Runtime\Scada.Runtime.csproj", "{6F0A9720-7CD1-4744-A0E7-E67801A8DD82}"
EndProject
Project("{FAE04EC0-301F-11D3-BF4B-00C04F79EFBC}") = "Scada.Web", "src\Scada.Web\Scada.Web.csproj", "{E3979318-0050-489B-867B-D5B0E025EFC0}"
EndProject
Project("{FAE04EC0-301F-11D3-BF4B-00C04F79EFBC}") = "Scada.SecurityTests", "tests\Scada.SecurityTests\Scada.SecurityTests.csproj", "{E00998C2-F927-41A9-A87C-06AC74F9B9CD}"
EndProject
Global
	GlobalSection(SolutionConfigurationPlatforms) = preSolution
		Debug|Any CPU = Debug|Any CPU
		Debug|x64 = Debug|x64
		Debug|x86 = Debug|x86
		Release|Any CPU = Release|Any CPU
		Release|x64 = Release|x64
		Release|x86 = Release|x86
	EndGlobalSection
	GlobalSection(ProjectConfigurationPlatforms) = postSolution
		{0EF22D13-356A-44E9-A045-2573B63904E1}.Debug|Any CPU.ActiveCfg = Debug|Any CPU
		{0EF22D13-356A-44E9-A045-2573B63904E1}.Debug|Any CPU.Build.0 = Debug|Any CPU
		{0EF22D13-356A-44E9-A045-2573B63904E1}.Debug|x64.ActiveCfg = Debug|Any CPU
		{0EF22D13-356A-44E9-A045-2573B63904E1}.Debug|x64.Build.0 = Debug|Any CPU
		{0EF22D13-356A-44E9-A045-2573B63904E1}.Debug|x86.ActiveCfg = Debug|Any CPU
		{0EF22D13-356A-44E9-A045-2573B63904E1}.Debug|x86.Build.0 = Debug|Any CPU
		{0EF22D13-356A-44E9-A045-2573B63904E1}.Release|Any CPU.ActiveCfg = Release|Any CPU
		{0EF22D13-356A-44E9-A045-2573B63904E1}.Release|Any CPU.Build.0 = Release|Any CPU
		{0EF22D13-356A-44E9-A045-2573B63904E1}.Release|x64.ActiveCfg = Release|Any CPU
		{0EF22D13-356A-44E9-A045-2573B63904E1}.Release|x64.Build.0 = Release|Any CPU
		{0EF22D13-356A-44E9-A045-2573B63904E1}.Release|x86.ActiveCfg = Release|Any CPU
		{0EF22D13-356A-44E9-A045-2573B63904E1}.Release|x86.Build.0 = Release|Any CPU
		{0949849E-F428-47CE-A257-64BA650949A9}.Debug|Any CPU.ActiveCfg = Debug|Any CPU
		{0949849E-F428-47CE-A257-64BA650949A9}.Debug|Any CPU.Build.0 = Debug|Any CPU
		{0949849E-F428-47CE-A257-64BA650949A9}.Debug|x64.ActiveCfg = Debug|Any CPU
		{0949849E-F428-47CE-A257-64BA650949A9}.Debug|x64.Build.0 = Debug|Any CPU
		{0949849E-F428-47CE-A257-64BA650949A9}.Debug|x86.ActiveCfg = Debug|Any CPU
		{0949849E-F428-47CE-A257-64BA650949A9}.Debug|x86.Build.0 = Debug|Any CPU
		{0949849E-F428-47CE-A257-64BA650949A9}.Release|Any CPU.ActiveCfg = Release|Any CPU
		{0949849E-F428-47CE-A257-64BA650949A9}.Release|Any CPU.Build.0 = Release|Any CPU
		{0949849E-F428-47CE-A257-64BA650949A9}.Release|x64.ActiveCfg = Release|Any CPU
		{0949849E-F428-47CE-A257-64BA650949A9}.Release|x64.Build.0 = Release|Any CPU
		{0949849E-F428-47CE-A257-64BA650949A9}.Release|x86.ActiveCfg = Release|Any CPU
		{0949849E-F428-47CE-A257-64BA650949A9}.Release|x86.Build.0 = Release|Any CPU
		{BA4577E3-F67C-4C48-A6D4-9AD26FB3DD5B}.Debug|Any CPU.ActiveCfg = Debug|Any CPU
		{BA4577E3-F67C-4C48-A6D4-9AD26FB3DD5B}.Debug|Any CPU.Build.0 = Debug|Any CPU
		{BA4577E3-F67C-4C48-A6D4-9AD26FB3DD5B}.Debug|x64.ActiveCfg = Debug|Any CPU
		{BA4577E3-F67C-4C48-A6D4-9AD26FB3DD5B}.Debug|x64.Build.0 = Debug|Any CPU
		{BA4577E3-F67C-4C48-A6D4-9AD26FB3DD5B}.Debug|x86.ActiveCfg = Debug|Any CPU
		{BA4577E3-F67C-4C48-A6D4-9AD26FB3DD5B}.Debug|x86.Build.0 = Debug|Any CPU
		{BA4577E3-F67C-4C48-A6D4-9AD26FB3DD5B}.Release|Any CPU.ActiveCfg = Release|Any CPU
		{BA4577E3-F67C-4C48-A6D4-9AD26FB3DD5B}.Release|Any CPU.Build.0 = Release|Any CPU
		{BA4577E3-F67C-4C48-A6D4-9AD26FB3DD5B}.Release|x64.ActiveCfg = Release|Any CPU
		{BA4577E3-F67C-4C48-A6D4-9AD26FB3DD5B}.Release|x64.Build.0 = Release|Any CPU
		{BA4577E3-F67C-4C48-A6D4-9AD26FB3DD5B}.Release|x86.ActiveCfg = Release|Any CPU
		{BA4577E3-F67C-4C48-A6D4-9AD26FB3DD5B}.Release|x86.Build.0 = Release|Any CPU
		{DE82A28D-8EB9-4B2B-9898-78CC0E69F0F3}.Debug|Any CPU.ActiveCfg = Debug|Any CPU
		{DE82A28D-8EB9-4B2B-9898-78CC0E69F0F3}.Debug|Any CPU.Build.0 = Debug|Any CPU
		{DE82A28D-8EB9-4B2B-9898-78CC0E69F0F3}.Debug|x64.ActiveCfg = Debug|Any CPU
		{DE82A28D-8EB9-4B2B-9898-78CC0E69F0F3}.Debug|x64.Build.0 = Debug|Any CPU
		{DE82A28D-8EB9-4B2B-9898-78CC0E69F0F3}.Debug|x86.ActiveCfg = Debug|Any CPU
		{DE82A28D-8EB9-4B2B-9898-78CC0E69F0F3}.Debug|x86.Build.0 = Debug|Any CPU
		{DE82A28D-8EB9-4B2B-9898-78CC0E69F0F3}.Release|Any CPU.ActiveCfg = Release|Any CPU
		{DE82A28D-8EB9-4B2B-9898-78CC0E69F0F3}.Release|Any CPU.Build.0 = Release|Any CPU
		{DE82A28D-8EB9-4B2B-9898-78CC0E69F0F3}.Release|x64.ActiveCfg = Release|Any CPU
		{DE82A28D-8EB9-4B2B-9898-78CC0E69F0F3}.Release|x64.Build.0 = Release|Any CPU
		{DE82A28D-8EB9-4B2B-9898-78CC0E69F0F3}.Release|x86.ActiveCfg = Release|Any CPU
		{DE82A28D-8EB9-4B2B-9898-78CC0E69F0F3}.Release|x86.Build.0 = Release|Any CPU
		{0BFECD5D-260D-4042-9ED0-C54CC24836E9}.Debug|Any CPU.ActiveCfg = Debug|Any CPU
		{0BFECD5D-260D-4042-9ED0-C54CC24836E9}.Debug|Any CPU.Build.0 = Debug|Any CPU
		{0BFECD5D-260D-4042-9ED0-C54CC24836E9}.Debug|x64.ActiveCfg = Debug|Any CPU
		{0BFECD5D-260D-4042-9ED0-C54CC24836E9}.Debug|x64.Build.0 = Debug|Any CPU
		{0BFECD5D-260D-4042-9ED0-C54CC24836E9}.Debug|x86.ActiveCfg = Debug|Any CPU
		{0BFECD5D-260D-4042-9ED0-C54CC24836E9}.Debug|x86.Build.0 = Debug|Any CPU
		{0BFECD5D-260D-4042-9ED0-C54CC24836E9}.Release|Any CPU.ActiveCfg = Release|Any CPU
		{0BFECD5D-260D-4042-9ED0-C54CC24836E9}.Release|Any CPU.Build.0 = Release|Any CPU
		{0BFECD5D-260D-4042-9ED0-C54CC24836E9}.Release|x64.ActiveCfg = Release|Any CPU
		{0BFECD5D-260D-4042-9ED0-C54CC24836E9}.Release|x64.Build.0 = Release|Any CPU
		{0BFECD5D-260D-4042-9ED0-C54CC24836E9}.Release|x86.ActiveCfg = Release|Any CPU
		{0BFECD5D-260D-4042-9ED0-C54CC24836E9}.Release|x86.Build.0 = Release|Any CPU
		{856CFA81-8159-44D3-9DD5-5FE9D590FCAA}.Debug|Any CPU.ActiveCfg = Debug|Any CPU
		{856CFA81-8159-44D3-9DD5-5FE9D590FCAA}.Debug|Any CPU.Build.0 = Debug|Any CPU
		{856CFA81-8159-44D3-9DD5-5FE9D590FCAA}.Debug|x64.ActiveCfg = Debug|Any CPU
		{856CFA81-8159-44D3-9DD5-5FE9D590FCAA}.Debug|x64.Build.0 = Debug|Any CPU
		{856CFA81-8159-44D3-9DD5-5FE9D590FCAA}.Debug|x86.ActiveCfg = Debug|Any CPU
		{856CFA81-8159-44D3-9DD5-5FE9D590FCAA}.Debug|x86.Build.0 = Debug|Any CPU
		{856CFA81-8159-44D3-9DD5-5FE9D590FCAA}.Release|Any CPU.ActiveCfg = Release|Any CPU
		{856CFA81-8159-44D3-9DD5-5FE9D590FCAA}.Release|Any CPU.Build.0 = Release|Any CPU
		{856CFA81-8159-44D3-9DD5-5FE9D590FCAA}.Release|x64.ActiveCfg = Release|Any CPU
		{856CFA81-8159-44D3-9DD5-5FE9D590FCAA}.Release|x64.Build.0 = Release|Any CPU
		{856CFA81-8159-44D3-9DD5-5FE9D590FCAA}.Release|x86.ActiveCfg = Release|Any CPU
		{856CFA81-8159-44D3-9DD5-5FE9D590FCAA}.Release|x86.Build.0 = Release|Any CPU
		{0369B411-CB4C-433E-958B-DF1191DFAACF}.Debug|Any CPU.ActiveCfg = Debug|Any CPU
		{0369B411-CB4C-433E-958B-DF1191DFAACF}.Debug|Any CPU.Build.0 = Debug|Any CPU
		{0369B411-CB4C-433E-958B-DF1191DFAACF}.Debug|x64.ActiveCfg = Debug|Any CPU
		{0369B411-CB4C-433E-958B-DF1191DFAACF}.Debug|x64.Build.0 = Debug|Any CPU
		{0369B411-CB4C-433E-958B-DF1191DFAACF}.Debug|x86.ActiveCfg = Debug|Any CPU
		{0369B411-CB4C-433E-958B-DF1191DFAACF}.Debug|x86.Build.0 = Debug|Any CPU
		{0369B411-CB4C-433E-958B-DF1191DFAACF}.Release|Any CPU.ActiveCfg = Release|Any CPU
		{0369B411-CB4C-433E-958B-DF1191DFAACF}.Release|Any CPU.Build.0 = Release|Any CPU
		{0369B411-CB4C-433E-958B-DF1191DFAACF}.Release|x64.ActiveCfg = Release|Any CPU
		{0369B411-CB4C-433E-958B-DF1191DFAACF}.Release|x64.Build.0 = Release|Any CPU
		{0369B411-CB4C-433E-958B-DF1191DFAACF}.Release|x86.ActiveCfg = Release|Any CPU
		{0369B411-CB4C-433E-958B-DF1191DFAACF}.Release|x86.Build.0 = Release|Any CPU
		{B60A9D4D-769C-481B-95E6-706B6927A901}.Debug|Any CPU.ActiveCfg = Debug|Any CPU
		{B60A9D4D-769C-481B-95E6-706B6927A901}.Debug|Any CPU.Build.0 = Debug|Any CPU
		{B60A9D4D-769C-481B-95E6-706B6927A901}.Debug|x64.ActiveCfg = Debug|Any CPU
		{B60A9D4D-769C-481B-95E6-706B6927A901}.Debug|x64.Build.0 = Debug|Any CPU
		{B60A9D4D-769C-481B-95E6-706B6927A901}.Debug|x86.ActiveCfg = Debug|Any CPU
		{B60A9D4D-769C-481B-95E6-706B6927A901}.Debug|x86.Build.0 = Debug|Any CPU
		{B60A9D4D-769C-481B-95E6-706B6927A901}.Release|Any CPU.ActiveCfg = Release|Any CPU
		{B60A9D4D-769C-481B-95E6-706B6927A901}.Release|Any CPU.Build.0 = Release|Any CPU
		{B60A9D4D-769C-481B-95E6-706B6927A901}.Release|x64.ActiveCfg = Release|Any CPU
		{B60A9D4D-769C-481B-95E6-706B6927A901}.Release|x64.Build.0 = Release|Any CPU
		{B60A9D4D-769C-481B-95E6-706B6927A901}.Release|x86.ActiveCfg = Release|Any CPU
		{B60A9D4D-769C-481B-95E6-706B6927A901}.Release|x86.Build.0 = Release|Any CPU
		{DA4923C0-99CE-4528-B675-7C0EFC95F820}.Debug|Any CPU.ActiveCfg = Debug|Any CPU
		{DA4923C0-99CE-4528-B675-7C0EFC95F820}.Debug|Any CPU.Build.0 = Debug|Any CPU
		{DA4923C0-99CE-4528-B675-7C0EFC95F820}.Debug|x64.ActiveCfg = Debug|Any CPU
		{DA4923C0-99CE-4528-B675-7C0EFC95F820}.Debug|x64.Build.0 = Debug|Any CPU
		{DA4923C0-99CE-4528-B675-7C0EFC95F820}.Debug|x86.ActiveCfg = Debug|Any CPU
		{DA4923C0-99CE-4528-B675-7C0EFC95F820}.Debug|x86.Build.0 = Debug|Any CPU
		{DA4923C0-99CE-4528-B675-7C0EFC95F820}.Release|Any CPU.ActiveCfg = Release|Any CPU
		{DA4923C0-99CE-4528-B675-7C0EFC95F820}.Release|Any CPU.Build.0 = Release|Any CPU
		{DA4923C0-99CE-4528-B675-7C0EFC95F820}.Release|x64.ActiveCfg = Release|Any CPU
		{DA4923C0-99CE-4528-B675-7C0EFC95F820}.Release|x64.Build.0 = Release|Any CPU
		{DA4923C0-99CE-4528-B675-7C0EFC95F820}.Release|x86.ActiveCfg = Release|Any CPU
		{DA4923C0-99CE-4528-B675-7C0EFC95F820}.Release|x86.Build.0 = Release|Any CPU
		{40810D2F-C21F-498C-BC71-52EEBB8614DC}.Debug|Any CPU.ActiveCfg = Debug|Any CPU
		{40810D2F-C21F-498C-BC71-52EEBB8614DC}.Debug|Any CPU.Build.0 = Debug|Any CPU
		{40810D2F-C21F-498C-BC71-52EEBB8614DC}.Debug|x64.ActiveCfg = Debug|Any CPU
		{40810D2F-C21F-498C-BC71-52EEBB8614DC}.Debug|x64.Build.0 = Debug|Any CPU
		{40810D2F-C21F-498C-BC71-52EEBB8614DC}.Debug|x86.ActiveCfg = Debug|Any CPU
		{40810D2F-C21F-498C-BC71-52EEBB8614DC}.Debug|x86.Build.0 = Debug|Any CPU
		{40810D2F-C21F-498C-BC71-52EEBB8614DC}.Release|Any CPU.ActiveCfg = Release|Any CPU
		{40810D2F-C21F-498C-BC71-52EEBB8614DC}.Release|Any CPU.Build.0 = Release|Any CPU
		{40810D2F-C21F-498C-BC71-52EEBB8614DC}.Release|x64.ActiveCfg = Release|Any CPU
		{40810D2F-C21F-498C-BC71-52EEBB8614DC}.Release|x64.Build.0 = Release|Any CPU
		{40810D2F-C21F-498C-BC71-52EEBB8614DC}.Release|x86.ActiveCfg = Release|Any CPU
		{40810D2F-C21F-498C-BC71-52EEBB8614DC}.Release|x86.Build.0 = Release|Any CPU
		{62D09A26-A64C-4CA0-8B8B-23B7A97FD1F5}.Debug|Any CPU.ActiveCfg = Debug|Any CPU
		{62D09A26-A64C-4CA0-8B8B-23B7A97FD1F5}.Debug|Any CPU.Build.0 = Debug|Any CPU
		{62D09A26-A64C-4CA0-8B8B-23B7A97FD1F5}.Debug|x64.ActiveCfg = Debug|Any CPU
		{62D09A26-A64C-4CA0-8B8B-23B7A97FD1F5}.Debug|x64.Build.0 = Debug|Any CPU
		{62D09A26-A64C-4CA0-8B8B-23B7A97FD1F5}.Debug|x86.ActiveCfg = Debug|Any CPU
		{62D09A26-A64C-4CA0-8B8B-23B7A97FD1F5}.Debug|x86.Build.0 = Debug|Any CPU
		{62D09A26-A64C-4CA0-8B8B-23B7A97FD1F5}.Release|Any CPU.ActiveCfg = Release|Any CPU
		{62D09A26-A64C-4CA0-8B8B-23B7A97FD1F5}.Release|Any CPU.Build.0 = Release|Any CPU
		{62D09A26-A64C-4CA0-8B8B-23B7A97FD1F5}.Release|x64.ActiveCfg = Release|Any CPU
		{62D09A26-A64C-4CA0-8B8B-23B7A97FD1F5}.Release|x64.Build.0 = Release|Any CPU
		{62D09A26-A64C-4CA0-8B8B-23B7A97FD1F5}.Release|x86.ActiveCfg = Release|Any CPU
		{62D09A26-A64C-4CA0-8B8B-23B7A97FD1F5}.Release|x86.Build.0 = Release|Any CPU
		{52F5F9A9-1975-42D1-B5DE-6EF0AD4DEE2B}.Debug|Any CPU.ActiveCfg = Debug|Any CPU
		{52F5F9A9-1975-42D1-B5DE-6EF0AD4DEE2B}.Debug|Any CPU.Build.0 = Debug|Any CPU
		{52F5F9A9-1975-42D1-B5DE-6EF0AD4DEE2B}.Debug|x64.ActiveCfg = Debug|Any CPU
		{52F5F9A9-1975-42D1-B5DE-6EF0AD4DEE2B}.Debug|x64.Build.0 = Debug|Any CPU
		{52F5F9A9-1975-42D1-B5DE-6EF0AD4DEE2B}.Debug|x86.ActiveCfg = Debug|Any CPU
		{52F5F9A9-1975-42D1-B5DE-6EF0AD4DEE2B}.Debug|x86.Build.0 = Debug|Any CPU
		{52F5F9A9-1975-42D1-B5DE-6EF0AD4DEE2B}.Release|Any CPU.ActiveCfg = Release|Any CPU
		{52F5F9A9-1975-42D1-B5DE-6EF0AD4DEE2B}.Release|Any CPU.Build.0 = Release|Any CPU
		{52F5F9A9-1975-42D1-B5DE-6EF0AD4DEE2B}.Release|x64.ActiveCfg = Release|Any CPU
		{52F5F9A9-1975-42D1-B5DE-6EF0AD4DEE2B}.Release|x64.Build.0 = Release|Any CPU
		{52F5F9A9-1975-42D1-B5DE-6EF0AD4DEE2B}.Release|x86.ActiveCfg = Release|Any CPU
		{52F5F9A9-1975-42D1-B5DE-6EF0AD4DEE2B}.Release|x86.Build.0 = Release|Any CPU
		{6F0A9720-7CD1-4744-A0E7-E67801A8DD82}.Debug|Any CPU.ActiveCfg = Debug|Any CPU
		{6F0A9720-7CD1-4744-A0E7-E67801A8DD82}.Debug|Any CPU.Build.0 = Debug|Any CPU
		{6F0A9720-7CD1-4744-A0E7-E67801A8DD82}.Debug|x64.ActiveCfg = Debug|Any CPU
		{6F0A9720-7CD1-4744-A0E7-E67801A8DD82}.Debug|x64.Build.0 = Debug|Any CPU
		{6F0A9720-7CD1-4744-A0E7-E67801A8DD82}.Debug|x86.ActiveCfg = Debug|Any CPU
		{6F0A9720-7CD1-4744-A0E7-E67801A8DD82}.Debug|x86.Build.0 = Debug|Any CPU
		{6F0A9720-7CD1-4744-A0E7-E67801A8DD82}.Release|Any CPU.ActiveCfg = Release|Any CPU
		{6F0A9720-7CD1-4744-A0E7-E67801A8DD82}.Release|Any CPU.Build.0 = Release|Any CPU
		{6F0A9720-7CD1-4744-A0E7-E67801A8DD82}.Release|x64.ActiveCfg = Release|Any CPU
		{6F0A9720-7CD1-4744-A0E7-E67801A8DD82}.Release|x64.Build.0 = Release|Any CPU
		{6F0A9720-7CD1-4744-A0E7-E67801A8DD82}.Release|x86.ActiveCfg = Release|Any CPU
		{6F0A9720-7CD1-4744-A0E7-E67801A8DD82}.Release|x86.Build.0 = Release|Any CPU
		{E3979318-0050-489B-867B-D5B0E025EFC0}.Debug|Any CPU.ActiveCfg = Debug|Any CPU
		{E3979318-0050-489B-867B-D5B0E025EFC0}.Debug|Any CPU.Build.0 = Debug|Any CPU
		{E3979318-0050-489B-867B-D5B0E025EFC0}.Debug|x64.ActiveCfg = Debug|Any CPU
		{E3979318-0050-489B-867B-D5B0E025EFC0}.Debug|x64.Build.0 = Debug|Any CPU
		{E3979318-0050-489B-867B-D5B0E025EFC0}.Debug|x86.ActiveCfg = Debug|Any CPU
		{E3979318-0050-489B-867B-D5B0E025EFC0}.Debug|x86.Build.0 = Debug|Any CPU
		{E3979318-0050-489B-867B-D5B0E025EFC0}.Release|Any CPU.ActiveCfg = Release|Any CPU
		{E3979318-0050-489B-867B-D5B0E025EFC0}.Release|Any CPU.Build.0 = Release|Any CPU
		{E3979318-0050-489B-867B-D5B0E025EFC0}.Release|x64.ActiveCfg = Release|Any CPU
		{E3979318-0050-489B-867B-D5B0E025EFC0}.Release|x64.Build.0 = Release|Any CPU
		{E3979318-0050-489B-867B-D5B0E025EFC0}.Release|x86.ActiveCfg = Release|Any CPU
		{E3979318-0050-489B-867B-D5B0E025EFC0}.Release|x86.Build.0 = Release|Any CPU
		{E00998C2-F927-41A9-A87C-06AC74F9B9CD}.Debug|Any CPU.ActiveCfg = Debug|Any CPU
		{E00998C2-F927-41A9-A87C-06AC74F9B9CD}.Debug|Any CPU.Build.0 = Debug|Any CPU
		{E00998C2-F927-41A9-A87C-06AC74F9B9CD}.Debug|x64.ActiveCfg = Debug|Any CPU
		{E00998C2-F927-41A9-A87C-06AC74F9B9CD}.Debug|x64.Build.0 = Debug|Any CPU
		{E00998C2-F927-41A9-A87C-06AC74F9B9CD}.Debug|x86.ActiveCfg = Debug|Any CPU
		{E00998C2-F927-41A9-A87C-06AC74F9B9CD}.Debug|x86.Build.0 = Debug|Any CPU
		{E00998C2-F927-41A9-A87C-06AC74F9B9CD}.Release|Any CPU.ActiveCfg = Release|Any CPU
		{E00998C2-F927-41A9-A87C-06AC74F9B9CD}.Release|Any CPU.Build.0 = Release|Any CPU
		{E00998C2-F927-41A9-A87C-06AC74F9B9CD}.Release|x64.ActiveCfg = Release|Any CPU
		{E00998C2-F927-41A9-A87C-06AC74F9B9CD}.Release|x64.Build.0 = Release|Any CPU
		{E00998C2-F927-41A9-A87C-06AC74F9B9CD}.Release|x86.ActiveCfg = Release|Any CPU
		{E00998C2-F927-41A9-A87C-06AC74F9B9CD}.Release|x86.Build.0 = Release|Any CPU
	EndGlobalSection
	GlobalSection(SolutionProperties) = preSolution
		HideSolutionNode = FALSE
	EndGlobalSection
	GlobalSection(NestedProjects) = preSolution
		{0EF22D13-356A-44E9-A045-2573B63904E1} = {0AB3BF05-4346-4AA6-1389-037BE0695223}
		{0949849E-F428-47CE-A257-64BA650949A9} = {0AB3BF05-4346-4AA6-1389-037BE0695223}
		{BA4577E3-F67C-4C48-A6D4-9AD26FB3DD5B} = {827E0CD3-B72D-47B6-A68D-7590B98EB39B}
		{DE82A28D-8EB9-4B2B-9898-78CC0E69F0F3} = {827E0CD3-B72D-47B6-A68D-7590B98EB39B}
		{0BFECD5D-260D-4042-9ED0-C54CC24836E9} = {827E0CD3-B72D-47B6-A68D-7590B98EB39B}
		{856CFA81-8159-44D3-9DD5-5FE9D590FCAA} = {827E0CD3-B72D-47B6-A68D-7590B98EB39B}
		{0369B411-CB4C-433E-958B-DF1191DFAACF} = {827E0CD3-B72D-47B6-A68D-7590B98EB39B}
		{B60A9D4D-769C-481B-95E6-706B6927A901} = {827E0CD3-B72D-47B6-A68D-7590B98EB39B}
		{DA4923C0-99CE-4528-B675-7C0EFC95F820} = {827E0CD3-B72D-47B6-A68D-7590B98EB39B}
		{40810D2F-C21F-498C-BC71-52EEBB8614DC} = {827E0CD3-B72D-47B6-A68D-7590B98EB39B}
		{62D09A26-A64C-4CA0-8B8B-23B7A97FD1F5} = {827E0CD3-B72D-47B6-A68D-7590B98EB39B}
		{52F5F9A9-1975-42D1-B5DE-6EF0AD4DEE2B} = {827E0CD3-B72D-47B6-A68D-7590B98EB39B}
		{6F0A9720-7CD1-4744-A0E7-E67801A8DD82} = {827E0CD3-B72D-47B6-A68D-7590B98EB39B}
		{E3979318-0050-489B-867B-D5B0E025EFC0} = {827E0CD3-B72D-47B6-A68D-7590B98EB39B}
		{E00998C2-F927-41A9-A87C-06AC74F9B9CD} = {0AB3BF05-4346-4AA6-1389-037BE0695223}
	EndGlobalSection
EndGlobal
